
Microsoft Visual Studio Solution File, Format Version 12.00
# Visual Studio Version 16
VisualStudioVersion = 16.0.30204.135
MinimumVisualStudioVersion = 10.0.40219.1
Project("{FAE04EC0-301F-11D3-BF4B-00C04F79EFBC}") = "TCPServerTests", "TCPServerTests\TCPServerTests.csproj", "{946F52FD-A3E3-4BFC-8DE8-8C5CB73A9E3F}"
EndProject
Global
	GlobalSection(SolutionConfigurationPlatforms) = preSolution
		Debug|Any CPU = Debug|Any CPU
		Release|Any CPU = Release|Any CPU
	EndGlobalSection
	GlobalSection(ProjectConfigurationPlatforms) = postSolution
		{946F52FD-A3E3-4BFC-8DE8-8C5CB73A9E3F}.Debug|Any CPU.ActiveCfg = Debug|Any CPU
		{946F52FD-A3E3-4BFC-8DE8-8C5CB73A9E3F}.Debug|Any CPU.Build.0 = Debug|Any CPU
		{946F52FD-A3E3-4BFC-8DE8-8C5CB73A9E3F}.Release|Any CPU.ActiveCfg = Release|Any CPU
		{946F52FD-A3E3-4BFC-8DE8-8C5CB73A9E3F}.Release|Any CPU.Build.0 = Release|Any CPU
	EndGlobalSection
	GlobalSection(SolutionProperties) = preSolution
		HideSolutionNode = FALSE
	EndGlobalSection
	GlobalSection(ExtensibilityGlobals) = postSolution
		SolutionGuid = {66A35B53-E63E-425A-B893-259D9B7C2E19}
	EndGlobalSection
EndGlobal
