
Microsoft Visual Studio Solution File, Format Version 12.00
# Visual Studio Version 16
VisualStudioVersion = 16.0.30104.148
MinimumVisualStudioVersion = 10.0.40219.1
Project("{9A19103F-16F7-4668-BE54-9A1E7A4F7556}") = "EQOA-Proto-C-sharp", "EQOAProto-C-Sharp\EQOA-Proto-C-sharp.csproj", "{613D3A45-C985-4908-B051-AE1ED0227707}"
EndProject
Project("{9A19103F-16F7-4668-BE54-9A1E7A4F7556}") = "TCPServerTests", "..\..\..\..\source\repos\TCPServerTests\TCPServerTests\TCPServerTests\TCPServerTests.csproj", "{C3B0061B-DBFB-40EF-A69E-E75CB0A0C28D}"
EndProject
Global
	GlobalSection(SolutionConfigurationPlatforms) = preSolution
		Debug|Any CPU = Debug|Any CPU
		Release|Any CPU = Release|Any CPU
	EndGlobalSection
	GlobalSection(ProjectConfigurationPlatforms) = postSolution
		{613D3A45-C985-4908-B051-AE1ED0227707}.Debug|Any CPU.ActiveCfg = Debug|Any CPU
		{613D3A45-C985-4908-B051-AE1ED0227707}.Debug|Any CPU.Build.0 = Debug|Any CPU
		{613D3A45-C985-4908-B051-AE1ED0227707}.Release|Any CPU.ActiveCfg = Release|Any CPU
		{613D3A45-C985-4908-B051-AE1ED0227707}.Release|Any CPU.Build.0 = Release|Any CPU
		{C3B0061B-DBFB-40EF-A69E-E75CB0A0C28D}.Debug|Any CPU.ActiveCfg = Debug|Any CPU
		{C3B0061B-DBFB-40EF-A69E-E75CB0A0C28D}.Debug|Any CPU.Build.0 = Debug|Any CPU
		{C3B0061B-DBFB-40EF-A69E-E75CB0A0C28D}.Release|Any CPU.ActiveCfg = Release|Any CPU
		{C3B0061B-DBFB-40EF-A69E-E75CB0A0C28D}.Release|Any CPU.Build.0 = Release|Any CPU
	EndGlobalSection
	GlobalSection(SolutionProperties) = preSolution
		HideSolutionNode = FALSE
	EndGlobalSection
	GlobalSection(ExtensibilityGlobals) = postSolution
		SolutionGuid = {0CE8B8E9-672F-4963-94B9-EDA83B211CC6}
	EndGlobalSection
EndGlobal
